
Microsoft Visual Studio Solution File, Format Version 12.00
Project("{FAE04EC0-301F-11D3-BF4B-00C04F79EFBC}") = "TBot.Client", "TBot.Client\TBot.Client.csproj", "{F20388CB-C47F-4F15-87D8-7D81083157BD}"
EndProject
Project("{FAE04EC0-301F-11D3-BF4B-00C04F79EFBC}") = "TBot.Telegram.Dto", "TBot.Telegram.Dto\TBot.Telegram.Dto.csproj", "{0ECE6199-EDED-4250-97C7-9C00EA548697}"
EndProject
Project("{FAE04EC0-301F-11D3-BF4B-00C04F79EFBC}") = "TBot.AspNet.Example", "TBot.AspNet.Example\TBot.AspNet.Example.csproj", "{FC51BDF9-3946-4DBD-B8C0-C2740B71F9BF}"
EndProject
Project("{FAE04EC0-301F-11D3-BF4B-00C04F79EFBC}") = "TBot.Console.Example", "TBot.Console.Example\TBot.Console.Example.csproj", "{8EE92895-DCDD-4EEA-972E-531F996FD4CA}"
EndProject
Global
	GlobalSection(SolutionConfigurationPlatforms) = preSolution
		Debug|Any CPU = Debug|Any CPU
		Release|Any CPU = Release|Any CPU
	EndGlobalSection
	GlobalSection(ProjectConfigurationPlatforms) = postSolution
		{F20388CB-C47F-4F15-87D8-7D81083157BD}.Debug|Any CPU.ActiveCfg = Debug|Any CPU
		{F20388CB-C47F-4F15-87D8-7D81083157BD}.Debug|Any CPU.Build.0 = Debug|Any CPU
		{F20388CB-C47F-4F15-87D8-7D81083157BD}.Release|Any CPU.ActiveCfg = Release|Any CPU
		{F20388CB-C47F-4F15-87D8-7D81083157BD}.Release|Any CPU.Build.0 = Release|Any CPU
		{0ECE6199-EDED-4250-97C7-9C00EA548697}.Debug|Any CPU.ActiveCfg = Debug|Any CPU
		{0ECE6199-EDED-4250-97C7-9C00EA548697}.Debug|Any CPU.Build.0 = Debug|Any CPU
		{0ECE6199-EDED-4250-97C7-9C00EA548697}.Release|Any CPU.ActiveCfg = Release|Any CPU
		{0ECE6199-EDED-4250-97C7-9C00EA548697}.Release|Any CPU.Build.0 = Release|Any CPU
		{FC51BDF9-3946-4DBD-B8C0-C2740B71F9BF}.Debug|Any CPU.ActiveCfg = Debug|Any CPU
		{FC51BDF9-3946-4DBD-B8C0-C2740B71F9BF}.Debug|Any CPU.Build.0 = Debug|Any CPU
		{FC51BDF9-3946-4DBD-B8C0-C2740B71F9BF}.Release|Any CPU.ActiveCfg = Release|Any CPU
		{FC51BDF9-3946-4DBD-B8C0-C2740B71F9BF}.Release|Any CPU.Build.0 = Release|Any CPU
		{8EE92895-DCDD-4EEA-972E-531F996FD4CA}.Debug|Any CPU.ActiveCfg = Debug|Any CPU
		{8EE92895-DCDD-4EEA-972E-531F996FD4CA}.Debug|Any CPU.Build.0 = Debug|Any CPU
		{8EE92895-DCDD-4EEA-972E-531F996FD4CA}.Release|Any CPU.ActiveCfg = Release|Any CPU
		{8EE92895-DCDD-4EEA-972E-531F996FD4CA}.Release|Any CPU.Build.0 = Release|Any CPU
	EndGlobalSection
EndGlobal
